
Microsoft Visual Studio Solution File, Format Version 11.00
# Visual Studio 2010
Project("{FAE04EC0-301F-11D3-BF4B-00C04F79EFBC}") = "CSGCSDemo", "CSGCSDemo\CSGCSDemo.csproj", "{33B9E313-9B9A-4C3D-B5F8-5C20BA4BAA4E}"
EndProject
Project("{FAE04EC0-301F-11D3-BF4B-00C04F79EFBC}") = "CSGCSDll", "CSGCSDll\CSGCSDll.csproj", "{176A83DE-7E8C-424E-949B-F4B745C96083}"
EndProject
Global
	GlobalSection(SolutionConfigurationPlatforms) = preSolution
		Debug|Any CPU = Debug|Any CPU
		Debug|Mixed Platforms = Debug|Mixed Platforms
		Debug|x86 = Debug|x86
		Release|Any CPU = Release|Any CPU
		Release|Mixed Platforms = Release|Mixed Platforms
		Release|x86 = Release|x86
	EndGlobalSection
	GlobalSection(ProjectConfigurationPlatforms) = postSolution
		{33B9E313-9B9A-4C3D-B5F8-5C20BA4BAA4E}.Debug|Any CPU.ActiveCfg = Debug|x86
		{33B9E313-9B9A-4C3D-B5F8-5C20BA4BAA4E}.Debug|Mixed Platforms.ActiveCfg = Debug|x86
		{33B9E313-9B9A-4C3D-B5F8-5C20BA4BAA4E}.Debug|Mixed Platforms.Build.0 = Debug|x86
		{33B9E313-9B9A-4C3D-B5F8-5C20BA4BAA4E}.Debug|x86.ActiveCfg = Debug|x86
		{33B9E313-9B9A-4C3D-B5F8-5C20BA4BAA4E}.Debug|x86.Build.0 = Debug|x86
		{33B9E313-9B9A-4C3D-B5F8-5C20BA4BAA4E}.Release|Any CPU.ActiveCfg = Release|x86
		{33B9E313-9B9A-4C3D-B5F8-5C20BA4BAA4E}.Release|Mixed Platforms.ActiveCfg = Release|x86
		{33B9E313-9B9A-4C3D-B5F8-5C20BA4BAA4E}.Release|Mixed Platforms.Build.0 = Release|x86
		{33B9E313-9B9A-4C3D-B5F8-5C20BA4BAA4E}.Release|x86.ActiveCfg = Release|x86
		{33B9E313-9B9A-4C3D-B5F8-5C20BA4BAA4E}.Release|x86.Build.0 = Release|x86
		{176A83DE-7E8C-424E-949B-F4B745C96083}.Debug|Any CPU.ActiveCfg = Debug|Any CPU
		{176A83DE-7E8C-424E-949B-F4B745C96083}.Debug|Any CPU.Build.0 = Debug|Any CPU
		{176A83DE-7E8C-424E-949B-F4B745C96083}.Debug|Mixed Platforms.ActiveCfg = Debug|Any CPU
		{176A83DE-7E8C-424E-949B-F4B745C96083}.Debug|Mixed Platforms.Build.0 = Debug|Any CPU
		{176A83DE-7E8C-424E-949B-F4B745C96083}.Debug|x86.ActiveCfg = Debug|Any CPU
		{176A83DE-7E8C-424E-949B-F4B745C96083}.Release|Any CPU.ActiveCfg = Release|Any CPU
		{176A83DE-7E8C-424E-949B-F4B745C96083}.Release|Any CPU.Build.0 = Release|Any CPU
		{176A83DE-7E8C-424E-949B-F4B745C96083}.Release|Mixed Platforms.ActiveCfg = Release|Any CPU
		{176A83DE-7E8C-424E-949B-F4B745C96083}.Release|Mixed Platforms.Build.0 = Release|Any CPU
		{176A83DE-7E8C-424E-949B-F4B745C96083}.Release|x86.ActiveCfg = Release|Any CPU
	EndGlobalSection
	GlobalSection(SolutionProperties) = preSolution
		HideSolutionNode = FALSE
	EndGlobalSection
EndGlobal
